
Microsoft Visual Studio Solution File, Format Version 12.00
# Visual Studio 2015
Project("{FAE04EC0-301F-11D3-BF4B-00C04F79EFBC}") = "AlmostContra.CSharp", "AlmostContra.CSharp.csproj", "{B52415BF-5F54-7014-1B12-DB8F47E52767}"
EndProject
Global
	GlobalSection(SolutionConfigurationPlatforms) = preSolution
		Debug|Any CPU = Debug|Any CPU
		Release|Any CPU = Release|Any CPU
	EndGlobalSection
	GlobalSection(ProjectConfigurationPlatforms) = postSolution
		{B52415BF-5F54-7014-1B12-DB8F47E52767}.Debug|Any CPU.ActiveCfg = Debug|Any CPU
		{B52415BF-5F54-7014-1B12-DB8F47E52767}.Debug|Any CPU.Build.0 = Debug|Any CPU
		{B52415BF-5F54-7014-1B12-DB8F47E52767}.Release|Any CPU.ActiveCfg = Release|Any CPU
		{B52415BF-5F54-7014-1B12-DB8F47E52767}.Release|Any CPU.Build.0 = Release|Any CPU
	EndGlobalSection
	GlobalSection(SolutionProperties) = preSolution
		HideSolutionNode = FALSE
	EndGlobalSection
EndGlobal
