Microsoft Visual Studio Solution File, Format Version 11.00
# Visual Studio 2008

Project("{71F3E9DC-1628-4AFB-AC9F-16C3B9BC202E}") = "AlmostContra", "Assembly-CSharp.csproj", "{09FFFD97-FF93-BAAD-20A0-767800C577D7}"
EndProject
Global
	GlobalSection(SolutionConfigurationPlatforms) = preSolution
		Debug|Any CPU = Debug|Any CPU
		Release|Any CPU = Release|Any CPU
	EndGlobalSection
	GlobalSection(ProjectConfigurationPlatforms) = postSolution
		{09FFFD97-FF93-BAAD-20A0-767800C577D7}.Debug|Any CPU.ActiveCfg = Debug|Any CPU
		{09FFFD97-FF93-BAAD-20A0-767800C577D7}.Debug|Any CPU.Build.0 = Debug|Any CPU
		{09FFFD97-FF93-BAAD-20A0-767800C577D7}.Release|Any CPU.ActiveCfg = Release|Any CPU
		{09FFFD97-FF93-BAAD-20A0-767800C577D7}.Release|Any CPU.Build.0 = Release|Any CPU
	EndGlobalSection
	GlobalSection(SolutionProperties) = preSolution
		HideSolutionNode = FALSE
	EndGlobalSection
	GlobalSection(MonoDevelopProperties) = preSolution
		StartupItem = Assembly-CSharp.csproj
	EndGlobalSection
EndGlobal
